
Microsoft Visual Studio Solution File, Format Version 12.00
# Visual Studio Version 17
VisualStudioVersion = 17.4.33205.214
MinimumVisualStudioVersion = 10.0.40219.1
Project("{9A19103F-16F7-4668-BE54-9A1E7A4F7556}") = "Trustme.MigrationConsole", "Trustme.MigrationConsole.csproj", "{31B12822-20C0-4546-BCD7-4A79DBCE10EE}"
EndProject
Global
	GlobalSection(SolutionConfigurationPlatforms) = preSolution
		Debug|Any CPU = Debug|Any CPU
		Release|Any CPU = Release|Any CPU
	EndGlobalSection
	GlobalSection(ProjectConfigurationPlatforms) = postSolution
		{31B12822-20C0-4546-BCD7-4A79DBCE10EE}.Debug|Any CPU.ActiveCfg = Debug|Any CPU
		{31B12822-20C0-4546-BCD7-4A79DBCE10EE}.Debug|Any CPU.Build.0 = Debug|Any CPU
		{31B12822-20C0-4546-BCD7-4A79DBCE10EE}.Release|Any CPU.ActiveCfg = Release|Any CPU
		{31B12822-20C0-4546-BCD7-4A79DBCE10EE}.Release|Any CPU.Build.0 = Release|Any CPU
	EndGlobalSection
	GlobalSection(SolutionProperties) = preSolution
		HideSolutionNode = FALSE
	EndGlobalSection
	GlobalSection(ExtensibilityGlobals) = postSolution
		SolutionGuid = {5D6D7049-3632-4A65-AAA4-F3926A4FF3EE}
	EndGlobalSection
EndGlobal
